
Microsoft Visual Studio Solution File, Format Version 12.00
# Visual Studio Version 17
VisualStudioVersion = 17.2.32616.157
MinimumVisualStudioVersion = 10.0.40219.1
Project("{9A19103F-16F7-4668-BE54-9A1E7A4F7556}") = "BestDeal", "BestDeal.csproj", "{ED7D7C31-E331-4D5C-B74F-AEE842270D50}"
EndProject
Project("{FAE04EC0-301F-11D3-BF4B-00C04F79EFBC}") = "BestDealTest", "BestDealTest\BestDealTest.csproj", "{EBF498B6-2BA1-4B7D-B683-03DCDF73423B}"
EndProject
Global
	GlobalSection(SolutionConfigurationPlatforms) = preSolution
		Debug|Any CPU = Debug|Any CPU
		Release|Any CPU = Release|Any CPU
	EndGlobalSection
	GlobalSection(ProjectConfigurationPlatforms) = postSolution
		{ED7D7C31-E331-4D5C-B74F-AEE842270D50}.Debug|Any CPU.ActiveCfg = Debug|Any CPU
		{ED7D7C31-E331-4D5C-B74F-AEE842270D50}.Debug|Any CPU.Build.0 = Debug|Any CPU
		{ED7D7C31-E331-4D5C-B74F-AEE842270D50}.Release|Any CPU.ActiveCfg = Release|Any CPU
		{ED7D7C31-E331-4D5C-B74F-AEE842270D50}.Release|Any CPU.Build.0 = Release|Any CPU
		{EBF498B6-2BA1-4B7D-B683-03DCDF73423B}.Debug|Any CPU.ActiveCfg = Debug|Any CPU
		{EBF498B6-2BA1-4B7D-B683-03DCDF73423B}.Debug|Any CPU.Build.0 = Debug|Any CPU
		{EBF498B6-2BA1-4B7D-B683-03DCDF73423B}.Release|Any CPU.ActiveCfg = Release|Any CPU
		{EBF498B6-2BA1-4B7D-B683-03DCDF73423B}.Release|Any CPU.Build.0 = Release|Any CPU
	EndGlobalSection
	GlobalSection(SolutionProperties) = preSolution
		HideSolutionNode = FALSE
	EndGlobalSection
	GlobalSection(ExtensibilityGlobals) = postSolution
		SolutionGuid = {43B32808-979F-40DC-B1C3-9AF562F88C72}
	EndGlobalSection
EndGlobal
